// !$*UTF8*$!
{
	archiveVersion = 1;
	classes = {
	};
	objectVersion = 46;
	objects = {

/* Begin PBXBuildFile section */
		A30C6A5C36878468757689D0 /* libPods.a in Frameworks */ = {isa = PBXBuildFile; fileRef = E706149A709BBE9CF551CB3F /* libPods.a */; };
		DAFBBF291C229523009C01A5 /* main.m in Sources */ = {isa = PBXBuildFile; fileRef = DAFBBF281C229523009C01A5 /* main.m */; };
		DAFBBF2C1C229523009C01A5 /* AppDelegate.m in Sources */ = {isa = PBXBuildFile; fileRef = DAFBBF2B1C229523009C01A5 /* AppDelegate.m */; };
		DAFBBF2F1C229523009C01A5 /* ViewController.m in Sources */ = {isa = PBXBuildFile; fileRef = DAFBBF2E1C229523009C01A5 /* ViewController.m */; };
		DAFBBF321C229523009C01A5 /* Main.storyboard in Resources */ = {isa = PBXBuildFile; fileRef = DAFBBF301C229523009C01A5 /* Main.storyboard */; };
		DAFBBF341C229523009C01A5 /* Assets.xcassets in Resources */ = {isa = PBXBuildFile; fileRef = DAFBBF331C229523009C01A5 /* Assets.xcassets */; };
		DAFBBF371C229523009C01A5 /* LaunchScreen.storyboard in Resources */ = {isa = PBXBuildFile; fileRef = DAFBBF351C229523009C01A5 /* LaunchScreen.storyboard */; };
		DAFBBF421C229523009C01A5 /* XY_iOS_DemoTests.m in Sources */ = {isa = PBXBuildFile; fileRef = DAFBBF411C229523009C01A5 /* XY_iOS_DemoTests.m */; };
		DAFBBF4D1C229523009C01A5 /* XY_iOS_DemoUITests.m in Sources */ = {isa = PBXBuildFile; fileRef = DAFBBF4C1C229523009C01A5 /* XY_iOS_DemoUITests.m */; };
/* End PBXBuildFile section */

/* Begin PBXContainerItemProxy section */
		DAFBBF3E1C229523009C01A5 /* PBXContainerItemProxy */ = {
			isa = PBXContainerItemProxy;
			containerPortal = DAFBBF1C1C229523009C01A5 /* Project object */;
			proxyType = 1;
			remoteGlobalIDString = DAFBBF231C229523009C01A5;
			remoteInfo = "XY-iOS-Demo";
		};
		DAFBBF491C229523009C01A5 /* PBXContainerItemProxy */ = {
			isa = PBXContainerItemProxy;
			containerPortal = DAFBBF1C1C229523009C01A5 /* Project object */;
			proxyType = 1;
			remoteGlobalIDString = DAFBBF231C229523009C01A5;
			remoteInfo = "XY-iOS-Demo";
		};
/* End PBXContainerItemProxy section */

/* Begin PBXFileReference section */
		2A2B88BF24467CAFAC581B95 /* Pods.debug.xcconfig */ = {isa = PBXFileReference; includeInIndex = 1; lastKnownFileType = text.xcconfig; name = Pods.debug.xcconfig; path = "Pods/Target Support Files/Pods/Pods.debug.xcconfig"; sourceTree = "<group>"; };
		8054BE62964EFB68D8B16034 /* Pods.release.xcconfig */ = {isa = PBXFileReference; includeInIndex = 1; lastKnownFileType = text.xcconfig; name = Pods.release.xcconfig; path = "Pods/Target Support Files/Pods/Pods.release.xcconfig"; sourceTree = "<group>"; };
		DAFBBF241C229523009C01A5 /* XY-iOS-Demo.app */ = {isa = PBXFileReference; explicitFileType = wrapper.application; includeInIndex = 0; path = "XY-iOS-Demo.app"; sourceTree = BUILT_PRODUCTS_DIR; };
		DAFBBF281C229523009C01A5 /* main.m */ = {isa = PBXFileReference; lastKnownFileType = sourcecode.c.objc; path = main.m; sourceTree = "<group>"; };
		DAFBBF2A1C229523009C01A5 /* AppDelegate.h */ = {isa = PBXFileReference; lastKnownFileType = sourcecode.c.h; path = AppDelegate.h; sourceTree = "<group>"; };
		DAFBBF2B1C229523009C01A5 /* AppDelegate.m */ = {isa = PBXFileReference; lastKnownFileType = sourcecode.c.objc; path = AppDelegate.m; sourceTree = "<group>"; };
		DAFBBF2D1C229523009C01A5 /* ViewController.h */ = {isa = PBXFileReference; lastKnownFileType = sourcecode.c.h; path = ViewController.h; sourceTree = "<group>"; };
		DAFBBF2E1C229523009C01A5 /* ViewController.m */ = {isa = PBXFileReference; lastKnownFileType = sourcecode.c.objc; path = ViewController.m; sourceTree = "<group>"; };
		DAFBBF311C229523009C01A5 /* Base */ = {isa = PBXFileReference; lastKnownFileType = file.storyboard; name = Base; path = Base.lproj/Main.storyboard; sourceTree = "<group>"; };
		DAFBBF331C229523009C01A5 /* Assets.xcassets */ = {isa = PBXFileReference; lastKnownFileType = folder.assetcatalog; path = Assets.xcassets; sourceTree = "<group>"; };
		DAFBBF361C229523009C01A5 /* Base */ = {isa = PBXFileReference; lastKnownFileType = file.storyboard; name = Base; path = Base.lproj/LaunchScreen.storyboard; sourceTree = "<group>"; };
		DAFBBF381C229523009C01A5 /* Info.plist */ = {isa = PBXFileReference; lastKnownFileType = text.plist.xml; path = Info.plist; sourceTree = "<group>"; };
		DAFBBF3D1C229523009C01A5 /* XY-iOS-DemoTests.xctest */ = {isa = PBXFileReference; explicitFileType = wrapper.cfbundle; includeInIndex = 0; path = "XY-iOS-DemoTests.xctest"; sourceTree = BUILT_PRODUCTS_DIR; };
		DAFBBF411C229523009C01A5 /* XY_iOS_DemoTests.m */ = {isa = PBXFileReference; lastKnownFileType = sourcecode.c.objc; path = XY_iOS_DemoTests.m; sourceTree = "<group>"; };
		DAFBBF431C229523009C01A5 /* Info.plist */ = {isa = PBXFileReference; lastKnownFileType = text.plist.xml; path = Info.plist; sourceTree = "<group>"; };
		DAFBBF481C229523009C01A5 /* XY-iOS-DemoUITests.xctest */ = {isa = PBXFileReference; explicitFileType = wrapper.cfbundle; includeInIndex = 0; path = "XY-iOS-DemoUITests.xctest"; sourceTree = BUILT_PRODUCTS_DIR; };
		DAFBBF4C1C229523009C01A5 /* XY_iOS_DemoUITests.m */ = {isa = PBXFileReference; lastKnownFileType = sourcecode.c.objc; path = XY_iOS_DemoUITests.m; sourceTree = "<group>"; };
		DAFBBF4E1C229523009C01A5 /* Info.plist */ = {isa = PBXFileReference; lastKnownFileType = text.plist.xml; path = Info.plist; sourceTree = "<group>"; };
		E706149A709BBE9CF551CB3F /* libPods.a */ = {isa = PBXFileReference; explicitFileType = archive.ar; includeInIndex = 0; path = libPods.a; sourceTree = BUILT_PRODUCTS_DIR; };
/* End PBXFileReference section */

/* Begin PBXFrameworksBuildPhase section */
		DAFBBF211C229523009C01A5 /* Frameworks */ = {
			isa = PBXFrameworksBuildPhase;
			buildActionMask = 2147483647;
			files = (
				A30C6A5C36878468757689D0 /* libPods.a in Frameworks */,
			);
			runOnlyForDeploymentPostprocessing = 0;
		};
		DAFBBF3A1C229523009C01A5 /* Frameworks */ = {
			isa = PBXFrameworksBuildPhase;
			buildActionMask = 2147483647;
			files = (
			);
			runOnlyForDeploymentPostprocessing = 0;
		};
		DAFBBF451C229523009C01A5 /* Frameworks */ = {
			isa = PBXFrameworksBuildPhase;
			buildActionMask = 2147483647;
			files = (
			);
			runOnlyForDeploymentPostprocessing = 0;
		};
/* End PBXFrameworksBuildPhase section */

/* Begin PBXGroup section */
		A362766E289FC3E03956A675 /* Frameworks */ = {
			isa = PBXGroup;
			children = (
				E706149A709BBE9CF551CB3F /* libPods.a */,
			);
			name = Frameworks;
			sourceTree = "<group>";
		};
		D6B8954881BBDEBA71102775 /* Pods */ = {
			isa = PBXGroup;
			children = (
				2A2B88BF24467CAFAC581B95 /* Pods.debug.xcconfig */,
				8054BE62964EFB68D8B16034 /* Pods.release.xcconfig */,
			);
			name = Pods;
			sourceTree = "<group>";
		};
		DAFBBF1B1C229523009C01A5 = {
			isa = PBXGroup;
			children = (
				DAFBBF261C229523009C01A5 /* XY-iOS-Demo */,
				DAFBBF401C229523009C01A5 /* XY-iOS-DemoTests */,
				DAFBBF4B1C229523009C01A5 /* XY-iOS-DemoUITests */,
				DAFBBF251C229523009C01A5 /* Products */,
				D6B8954881BBDEBA71102775 /* Pods */,
				A362766E289FC3E03956A675 /* Frameworks */,
			);
			sourceTree = "<group>";
		};
		DAFBBF251C229523009C01A5 /* Products */ = {
			isa = PBXGroup;
			children = (
				DAFBBF241C229523009C01A5 /* XY-iOS-Demo.app */,
				DAFBBF3D1C229523009C01A5 /* XY-iOS-DemoTests.xctest */,
				DAFBBF481C229523009C01A5 /* XY-iOS-DemoUITests.xctest */,
			);
			name = Products;
			sourceTree = "<group>";
		};
		DAFBBF261C229523009C01A5 /* XY-iOS-Demo */ = {
			isa = PBXGroup;
			children = (
				DAFBBF2A1C229523009C01A5 /* AppDelegate.h */,
				DAFBBF2B1C229523009C01A5 /* AppDelegate.m */,
				DAFBBF2D1C229523009C01A5 /* ViewController.h */,
				DAFBBF2E1C229523009C01A5 /* ViewController.m */,
				DAFBBF301C229523009C01A5 /* Main.storyboard */,
				DAFBBF331C229523009C01A5 /* Assets.xcassets */,
				DAFBBF351C229523009C01A5 /* LaunchScreen.storyboard */,
				DAFBBF381C229523009C01A5 /* Info.plist */,
				DAFBBF271C229523009C01A5 /* Supporting Files */,
			);
			path = "XY-iOS-Demo";
			sourceTree = "<group>";
		};
		DAFBBF271C229523009C01A5 /* Supporting Files */ = {
			isa = PBXGroup;
			children = (
				DAFBBF281C229523009C01A5 /* main.m */,
			);
			name = "Supporting Files";
			sourceTree = "<group>";
		};
		DAFBBF401C229523009C01A5 /* XY-iOS-DemoTests */ = {
			isa = PBXGroup;
			children = (
				DAFBBF411C229523009C01A5 /* XY_iOS_DemoTests.m */,
				DAFBBF431C229523009C01A5 /* Info.plist */,
			);
			path = "XY-iOS-DemoTests";
			sourceTree = "<group>";
		};
		DAFBBF4B1C229523009C01A5 /* XY-iOS-DemoUITests */ = {
			isa = PBXGroup;
			children = (
				DAFBBF4C1C229523009C01A5 /* XY_iOS_DemoUITests.m */,
				DAFBBF4E1C229523009C01A5 /* Info.plist */,
			);
			path = "XY-iOS-DemoUITests";
			sourceTree = "<group>";
		};
/* End PBXGroup section */

/* Begin PBXNativeTarget section */
		DAFBBF231C229523009C01A5 /* XY-iOS-Demo */ = {
			isa = PBXNativeTarget;
			buildConfigurationList = DAFBBF511C229523009C01A5 /* Build configuration list for PBXNativeTarget "XY-iOS-Demo" */;
			buildPhases = (
				358EEB4E485D9D655C5F9D1E /* Check Pods Manifest.lock */,
				DAFBBF201C229523009C01A5 /* Sources */,
				DAFBBF211C229523009C01A5 /* Frameworks */,
				DAFBBF221C229523009C01A5 /* Resources */,
				6740BB3ADF67BAD218E6EEB2 /* Embed Pods Frameworks */,
				69563AE829D7F6D29192FAAA /* Copy Pods Resources */,
			);
			buildRules = (
			);
			dependencies = (
			);
			name = "XY-iOS-Demo";
			productName = "XY-iOS-Demo";
			productReference = DAFBBF241C229523009C01A5 /* XY-iOS-Demo.app */;
			productType = "com.apple.product-type.application";
		};
		DAFBBF3C1C229523009C01A5 /* XY-iOS-DemoTests */ = {
			isa = PBXNativeTarget;
			buildConfigurationList = DAFBBF541C229523009C01A5 /* Build configuration list for PBXNativeTarget "XY-iOS-DemoTests" */;
			buildPhases = (
				DAFBBF391C229523009C01A5 /* Sources */,
				DAFBBF3A1C229523009C01A5 /* Frameworks */,
				DAFBBF3B1C229523009C01A5 /* Resources */,
			);
			buildRules = (
			);
			dependencies = (
				DAFBBF3F1C229523009C01A5 /* PBXTargetDependency */,
			);
			name = "XY-iOS-DemoTests";
			productName = "XY-iOS-DemoTests";
			productReference = DAFBBF3D1C229523009C01A5 /* XY-iOS-DemoTests.xctest */;
			productType = "com.apple.product-type.bundle.unit-test";
		};
		DAFBBF471C229523009C01A5 /* XY-iOS-DemoUITests */ = {
			isa = PBXNativeTarget;
			buildConfigurationList = DAFBBF571C229523009C01A5 /* Build configuration list for PBXNativeTarget "XY-iOS-DemoUITests" */;
			buildPhases = (
				DAFBBF441C229523009C01A5 /* Sources */,
				DAFBBF451C229523009C01A5 /* Frameworks */,
				DAFBBF461C229523009C01A5 /* Resources */,
			);
			buildRules = (
			);
			dependencies = (
				DAFBBF4A1C229523009C01A5 /* PBXTargetDependency */,
			);
			name = "XY-iOS-DemoUITests";
			productName = "XY-iOS-DemoUITests";
			productReference = DAFBBF481C229523009C01A5 /* XY-iOS-DemoUITests.xctest */;
			productType = "com.apple.product-type.bundle.ui-testing";
		};
/* End PBXNativeTarget section */

/* Begin PBXProject section */
		DAFBBF1C1C229523009C01A5 /* Project object */ = {
			isa = PBXProject;
			attributes = {
				LastUpgradeCheck = 0720;
				ORGANIZATIONNAME = "X Co., Ltd.";
				TargetAttributes = {
					DAFBBF231C229523009C01A5 = {
						CreatedOnToolsVersion = 7.2;
					};
					DAFBBF3C1C229523009C01A5 = {
						CreatedOnToolsVersion = 7.2;
						TestTargetID = DAFBBF231C229523009C01A5;
					};
					DAFBBF471C229523009C01A5 = {
						CreatedOnToolsVersion = 7.2;
						TestTargetID = DAFBBF231C229523009C01A5;
					};
				};
			};
			buildConfigurationList = DAFBBF1F1C229523009C01A5 /* Build configuration list for PBXProject "XY-iOS-Demo" */;
			compatibilityVersion = "Xcode 3.2";
			developmentRegion = English;
			hasScannedForEncodings = 0;
			knownRegions = (
				en,
				Base,
			);
			mainGroup = DAFBBF1B1C229523009C01A5;
			productRefGroup = DAFBBF251C229523009C01A5 /* Products */;
			projectDirPath = "";
			projectRoot = "";
			targets = (
				DAFBBF231C229523009C01A5 /* XY-iOS-Demo */,
				DAFBBF3C1C229523009C01A5 /* XY-iOS-DemoTests */,
				DAFBBF471C229523009C01A5 /* XY-iOS-DemoUITests */,
			);
		};
/* End PBXProject section */

/* Begin PBXResourcesBuildPhase section */
		DAFBBF221C229523009C01A5 /* Resources */ = {
			isa = PBXResourcesBuildPhase;
			buildActionMask = 2147483647;
			files = (
				DAFBBF371C229523009C01A5 /* LaunchScreen.storyboard in Resources */,
				DAFBBF341C229523009C01A5 /* Assets.xcassets in Resources */,
				DAFBBF321C229523009C01A5 /* Main.storyboard in Resources */,
			);
			runOnlyForDeploymentPostprocessing = 0;
		};
		DAFBBF3B1C229523009C01A5 /* Resources */ = {
			isa = PBXResourcesBuildPhase;
			buildActionMask = 2147483647;
			files = (
			);
			runOnlyForDeploymentPostprocessing = 0;
		};
		DAFBBF461C229523009C01A5 /* Resources */ = {
			isa = PBXResourcesBuildPhase;
			buildActionMask = 2147483647;
			files = (
			);
			runOnlyForDeploymentPostprocessing = 0;
		};
/* End PBXResourcesBuildPhase section */

/* Begin PBXShellScriptBuildPhase section */
		358EEB4E485D9D655C5F9D1E /* Check Pods Manifest.lock */ = {
			isa = PBXShellScriptBuildPhase;
			buildActionMask = 2147483647;
			files = (
			);
			inputPaths = (
			);
			name = "Check Pods Manifest.lock";
			outputPaths = (
			);
			runOnlyForDeploymentPostprocessing = 0;
			shellPath = /bin/sh;
			shellScript = "diff \"${PODS_ROOT}/../Podfile.lock\" \"${PODS_ROOT}/Manifest.lock\" > /dev/null\nif [[ $? != 0 ]] ; then\n    cat << EOM\nerror: The sandbox is not in sync with the Podfile.lock. Run 'pod install' or update your CocoaPods installation.\nEOM\n    exit 1\nfi\n";
			showEnvVarsInLog = 0;
		};
		6740BB3ADF67BAD218E6EEB2 /* Embed Pods Frameworks */ = {
			isa = PBXShellScriptBuildPhase;
			buildActionMask = 2147483647;
			files = (
			);
			inputPaths = (
			);
			name = "Embed Pods Frameworks";
			outputPaths = (
			);
			runOnlyForDeploymentPostprocessing = 0;
			shellPath = /bin/sh;
			shellScript = "\"${SRCROOT}/Pods/Target Support Files/Pods/Pods-frameworks.sh\"\n";
			showEnvVarsInLog = 0;
		};
		69563AE829D7F6D29192FAAA /* Copy Pods Resources */ = {
			isa = PBXShellScriptBuildPhase;
			buildActionMask = 2147483647;
			files = (
			);
			inputPaths = (
			);
			name = "Copy Pods Resources";
			outputPaths = (
			);
			runOnlyForDeploymentPostprocessing = 0;
			shellPath = /bin/sh;
			shellScript = "\"${SRCROOT}/Pods/Target Support Files/Pods/Pods-resources.sh\"\n";
			showEnvVarsInLog = 0;
		};
/* End PBXShellScriptBuildPhase section */

/* Begin PBXSourcesBuildPhase section */
		DAFBBF201C229523009C01A5 /* Sources */ = {
			isa = PBXSourcesBuildPhase;
			buildActionMask = 2147483647;
			files = (
				DAFBBF2F1C229523009C01A5 /* ViewController.m in Sources */,
				DAFBBF2C1C229523009C01A5 /* AppDelegate.m in Sources */,
				DAFBBF291C229523009C01A5 /* main.m in Sources */,
			);
			runOnlyForDeploymentPostprocessing = 0;
		};
		DAFBBF391C229523009C01A5 /* Sources */ = {
			isa = PBXSourcesBuildPhase;
			buildActionMask = 2147483647;
			files = (
				DAFBBF421C229523009C01A5 /* XY_iOS_DemoTests.m in Sources */,
			);
			runOnlyForDeploymentPostprocessing = 0;
		};
		DAFBBF441C229523009C01A5 /* Sources */ = {
			isa = PBXSourcesBuildPhase;
			buildActionMask = 2147483647;
			files = (
				DAFBBF4D1C229523009C01A5 /* XY_iOS_DemoUITests.m in Sources */,
			);
			runOnlyForDeploymentPostprocessing = 0;
		};
/* End PBXSourcesBuildPhase section */

/* Begin PBXTargetDependency section */
		DAFBBF3F1C229523009C01A5 /* PBXTargetDependency */ = {
			isa = PBXTargetDependency;
			target = DAFBBF231C229523009C01A5 /* XY-iOS-Demo */;
			targetProxy = DAFBBF3E1C229523009C01A5 /* PBXContainerItemProxy */;
		};
		DAFBBF4A1C229523009C01A5 /* PBXTargetDependency */ = {
			isa = PBXTargetDependency;
			target = DAFBBF231C229523009C01A5 /* XY-iOS-Demo */;
			targetProxy = DAFBBF491C229523009C01A5 /* PBXContainerItemProxy */;
		};
/* End PBXTargetDependency section */

/* Begin PBXVariantGroup section */
		DAFBBF301C229523009C01A5 /* Main.storyboard */ = {
			isa = PBXVariantGroup;
			children = (
				DAFBBF311C229523009C01A5 /* Base */,
			);
			name = Main.storyboard;
			sourceTree = "<group>";
		};
		DAFBBF351C229523009C01A5 /* LaunchScreen.storyboard */ = {
			isa = PBXVariantGroup;
			children = (
				DAFBBF361C229523009C01A5 /* Base */,
			);
			name = LaunchScreen.storyboard;
			sourceTree = "<group>";
		};
/* End PBXVariantGroup section */

/* Begin XCBuildConfiguration section */
		DAFBBF4F1C229523009C01A5 /* Debug */ = {
			isa = XCBuildConfiguration;
			buildSettings = {
				ALWAYS_SEARCH_USER_PATHS = NO;
				CLANG_CXX_LANGUAGE_STANDARD = "gnu++0x";
				CLANG_CXX_LIBRARY = "libc++";
				CLANG_ENABLE_MODULES = YES;
				CLANG_ENABLE_OBJC_ARC = YES;
				CLANG_WARN_BOOL_CONVERSION = YES;
				CLANG_WARN_CONSTANT_CONVERSION = YES;
				CLANG_WARN_DIRECT_OBJC_ISA_USAGE = YES_ERROR;
				CLANG_WARN_EMPTY_BODY = YES;
				CLANG_WARN_ENUM_CONVERSION = YES;
				CLANG_WARN_INT_CONVERSION = YES;
				CLANG_WARN_OBJC_ROOT_CLASS = YES_ERROR;
				CLANG_WARN_UNREACHABLE_CODE = YES;
				CLANG_WARN__DUPLICATE_METHOD_MATCH = YES;
				"CODE_SIGN_IDENTITY[sdk=iphoneos*]" = "iPhone Developer";
				COPY_PHASE_STRIP = NO;
				DEBUG_INFORMATION_FORMAT = dwarf;
				ENABLE_STRICT_OBJC_MSGSEND = YES;
				ENABLE_TESTABILITY = YES;
				GCC_C_LANGUAGE_STANDARD = gnu99;
				GCC_DYNAMIC_NO_PIC = NO;
				GCC_NO_COMMON_BLOCKS = YES;
				GCC_OPTIMIZATION_LEVEL = 0;
				GCC_PREPROCESSOR_DEFINITIONS = (
					"DEBUG=1",
					"$(inherited)",
				);
				GCC_WARN_64_TO_32_BIT_CONVERSION = YES;
				GCC_WARN_ABOUT_RETURN_TYPE = YES_ERROR;
				GCC_WARN_UNDECLARED_SELECTOR = YES;
				GCC_WARN_UNINITIALIZED_AUTOS = YES_AGGRESSIVE;
				GCC_WARN_UNUSED_FUNCTION = YES;
				GCC_WARN_UNUSED_VARIABLE = YES;
				IPHONEOS_DEPLOYMENT_TARGET = 9.2;
				MTL_ENABLE_DEBUG_INFO = YES;
				ONLY_ACTIVE_ARCH = YES;
				SDKROOT = iphoneos;
				TARGETED_DEVICE_FAMILY = "1,2";
			};
			name = Debug;
		};
		DAFBBF501C229523009C01A5 /* Release */ = {
			isa = XCBuildConfiguration;
			buildSettings = {
				ALWAYS_SEARCH_USER_PATHS = NO;
				CLANG_CXX_LANGUAGE_STANDARD = "gnu++0x";
				CLANG_CXX_LIBRARY = "libc++";
				CLANG_ENABLE_MODULES = YES;
				CLANG_ENABLE_OBJC_ARC = YES;
				CLANG_WARN_BOOL_CONVERSION = YES;
				CLANG_WARN_CONSTANT_CONVERSION = YES;
				CLANG_WARN_DIRECT_OBJC_ISA_USAGE = YES_ERROR;
				CLANG_WARN_EMPTY_BODY = YES;
				CLANG_WARN_ENUM_CONVERSION = YES;
				CLANG_WARN_INT_CONVERSION = YES;
				CLANG_WARN_OBJC_ROOT_CLASS = YES_ERROR;
				CLANG_WARN_UNREACHABLE_CODE = YES;
				CLANG_WARN__DUPLICATE_METHOD_MATCH = YES;
				"CODE_SIGN_IDENTITY[sdk=iphoneos*]" = "iPhone Developer";
				COPY_PHASE_STRIP = NO;
				DEBUG_INFORMATION_FORMAT = "dwarf-with-dsym";
				ENABLE_NS_ASSERTIONS = NO;
				ENABLE_STRICT_OBJC_MSGSEND = YES;
				GCC_C_LANGUAGE_STANDARD = gnu99;
				GCC_NO_COMMON_BLOCKS = YES;
				GCC_WARN_64_TO_32_BIT_CONVERSION = YES;
				GCC_WARN_ABOUT_RETURN_TYPE = YES_ERROR;
				GCC_WARN_UNDECLARED_SELECTOR = YES;
				GCC_WARN_UNINITIALIZED_AUTOS = YES_AGGRESSIVE;
				GCC_WARN_UNUSED_FUNCTION = YES;
				GCC_WARN_UNUSED_VARIABLE = YES;
				IPHONEOS_DEPLOYMENT_TARGET = 9.2;
				MTL_ENABLE_DEBUG_INFO = NO;
				SDKROOT = iphoneos;
				TARGETED_DEVICE_FAMILY = "1,2";
				VALIDATE_PRODUCT = YES;
			};
			name = Release;
		};
		DAFBBF521C229523009C01A5 /* Debug */ = {
			isa = XCBuildConfiguration;
			baseConfigurationReference = 2A2B88BF24467CAFAC581B95 /* Pods.debug.xcconfig */;
			buildSettings = {
				ASSETCATALOG_COMPILER_APPICON_NAME = AppIcon;
				INFOPLIST_FILE = "XY-iOS-Demo/Info.plist";
				LD_RUNPATH_SEARCH_PATHS = "$(inherited) @executable_path/Frameworks";
				PRODUCT_BUNDLE_IDENTIFIER = "d.migo.XY-iOS-Demo";
				PRODUCT_NAME = "$(TARGET_NAME)";
			};
			name = Debug;
		};
		DAFBBF531C229523009C01A5 /* Release */ = {
			isa = XCBuildConfiguration;
			baseConfigurationReference = 8054BE62964EFB68D8B16034 /* Pods.release.xcconfig */;
			buildSettings = {
				ASSETCATALOG_COMPILER_APPICON_NAME = AppIcon;
				INFOPLIST_FILE = "XY-iOS-Demo/Info.plist";
				LD_RUNPATH_SEARCH_PATHS = "$(inherited) @executable_path/Frameworks";
				PRODUCT_BUNDLE_IDENTIFIER = "d.migo.XY-iOS-Demo";
				PRODUCT_NAME = "$(TARGET_NAME)";
			};
			name = Release;
		};
		DAFBBF551C229523009C01A5 /* Debug */ = {
			isa = XCBuildConfiguration;
			buildSettings = {
				BUNDLE_LOADER = "$(TEST_HOST)";
				INFOPLIST_FILE = "XY-iOS-DemoTests/Info.plist";
				LD_RUNPATH_SEARCH_PATHS = "$(inherited) @executable_path/Frameworks @loader_path/Frameworks";
				PRODUCT_BUNDLE_IDENTIFIER = "d.migo.XY-iOS-DemoTests";
				PRODUCT_NAME = "$(TARGET_NAME)";
				TEST_HOST = "$(BUILT_PRODUCTS_DIR)/XY-iOS-Demo.app/XY-iOS-Demo";
			};
			name = Debug;
		};
		DAFBBF561C229523009C01A5 /* Release */ = {
			isa = XCBuildConfiguration;
			buildSettings = {
				BUNDLE_LOADER = "$(TEST_HOST)";
				INFOPLIST_FILE = "XY-iOS-DemoTests/Info.plist";
				LD_RUNPATH_SEARCH_PATHS = "$(inherited) @executable_path/Frameworks @loader_path/Frameworks";
				PRODUCT_BUNDLE_IDENTIFIER = "d.migo.XY-iOS-DemoTests";
				PRODUCT_NAME = "$(TARGET_NAME)";
				TEST_HOST = "$(BUILT_PRODUCTS_DIR)/XY-iOS-Demo.app/XY-iOS-Demo";
			};
			name = Release;
		};
		DAFBBF581C229523009C01A5 /* Debug */ = {
			isa = XCBuildConfiguration;
			buildSettings = {
				INFOPLIST_FILE = "XY-iOS-DemoUITests/Info.plist";
				LD_RUNPATH_SEARCH_PATHS = "$(inherited) @executable_path/Frameworks @loader_path/Frameworks";
				PRODUCT_BUNDLE_IDENTIFIER = "d.migo.XY-iOS-DemoUITests";
				PRODUCT_NAME = "$(TARGET_NAME)";
				TEST_TARGET_NAME = "XY-iOS-Demo";
				USES_XCTRUNNER = YES;
			};
			name = Debug;
		};
		DAFBBF591C229523009C01A5 /* Release */ = {
			isa = XCBuildConfiguration;
			buildSettings = {
				INFOPLIST_FILE = "XY-iOS-DemoUITests/Info.plist";
				LD_RUNPATH_SEARCH_PATHS = "$(inherited) @executable_path/Frameworks @loader_path/Frameworks";
				PRODUCT_BUNDLE_IDENTIFIER = "d.migo.XY-iOS-DemoUITests";
				PRODUCT_NAME = "$(TARGET_NAME)";
				TEST_TARGET_NAME = "XY-iOS-Demo";
				USES_XCTRUNNER = YES;
			};
			name = Release;
		};
/* End XCBuildConfiguration section */

/* Begin XCConfigurationList section */
		DAFBBF1F1C229523009C01A5 /* Build configuration list for PBXProject "XY-iOS-Demo" */ = {
			isa = XCConfigurationList;
			buildConfigurations = (
				DAFBBF4F1C229523009C01A5 /* Debug */,
				DAFBBF501C229523009C01A5 /* Release */,
			);
			defaultConfigurationIsVisible = 0;
			defaultConfigurationName = Release;
		};
		DAFBBF511C229523009C01A5 /* Build configuration list for PBXNativeTarget "XY-iOS-Demo" */ = {
			isa = XCConfigurationList;
			buildConfigurations = (
				DAFBBF521C229523009C01A5 /* Debug */,
				DAFBBF531C229523009C01A5 /* Release */,
			);
			defaultConfigurationIsVisible = 0;
			defaultConfigurationName = Release;
		};
		DAFBBF541C229523009C01A5 /* Build configuration list for PBXNativeTarget "XY-iOS-DemoTests" */ = {
			isa = XCConfigurationList;
			buildConfigurations = (
				DAFBBF551C229523009C01A5 /* Debug */,
				DAFBBF561C229523009C01A5 /* Release */,
			);
			defaultConfigurationIsVisible = 0;
			defaultConfigurationName = Release;
		};
		DAFBBF571C229523009C01A5 /* Build configuration list for PBXNativeTarget "XY-iOS-DemoUITests" */ = {
			isa = XCConfigurationList;
			buildConfigurations = (
				DAFBBF581C229523009C01A5 /* Debug */,
				DAFBBF591C229523009C01A5 /* Release */,
			);
			defaultConfigurationIsVisible = 0;
			defaultConfigurationName = Release;
		};
/* End XCConfigurationList section */
	};
	rootObject = DAFBBF1C1C229523009C01A5 /* Project object */;
}
